
Microsoft Visual Studio Solution File, Format Version 12.00
# Visual Studio Version 17
VisualStudioVersion = 17.13.35806.99 d17.13
MinimumVisualStudioVersion = 10.0.40219.1
Project("{FAE04EC0-301F-11D3-BF4B-00C04F79EFBC}") = "Simple Inventory", "Simple Inventory\Simple Inventory.csproj", "{D76E4A0F-8F61-40F8-94A5-4A12E7229DAF}"
EndProject
Global
	GlobalSection(SolutionConfigurationPlatforms) = preSolution
		Debug|Any CPU = Debug|Any CPU
		Release|Any CPU = Release|Any CPU
	EndGlobalSection
	GlobalSection(ProjectConfigurationPlatforms) = postSolution
		{D76E4A0F-8F61-40F8-94A5-4A12E7229DAF}.Debug|Any CPU.ActiveCfg = Debug|Any CPU
		{D76E4A0F-8F61-40F8-94A5-4A12E7229DAF}.Debug|Any CPU.Build.0 = Debug|Any CPU
		{D76E4A0F-8F61-40F8-94A5-4A12E7229DAF}.Release|Any CPU.ActiveCfg = Release|Any CPU
		{D76E4A0F-8F61-40F8-94A5-4A12E7229DAF}.Release|Any CPU.Build.0 = Release|Any CPU
	EndGlobalSection
	GlobalSection(SolutionProperties) = preSolution
		HideSolutionNode = FALSE
	EndGlobalSection
	GlobalSection(ExtensibilityGlobals) = postSolution
		SolutionGuid = {811181A7-CF12-4393-B643-B35182CFE279}
	EndGlobalSection
EndGlobal
